
Microsoft Visual Studio Solution File, Format Version 12.00
# Visual Studio 15
VisualStudioVersion = 15.0.26730.10
MinimumVisualStudioVersion = 10.0.40219.1
Project("{FAE04EC0-301F-11D3-BF4B-00C04F79EFBC}") = "Vertex", "Vertex\Vertex.csproj", "{D878F37F-C5E4-4722-AD3A-20181364361B}"
EndProject
Project("{FAE04EC0-301F-11D3-BF4B-00C04F79EFBC}") = "Services", "Services\Services.csproj", "{9653212B-D21E-4C2B-9122-364CE60631B6}"
EndProject
Global
	GlobalSection(SolutionConfigurationPlatforms) = preSolution
		Debug|Any CPU = Debug|Any CPU
		Release|Any CPU = Release|Any CPU
	EndGlobalSection
	GlobalSection(ProjectConfigurationPlatforms) = postSolution
		{D878F37F-C5E4-4722-AD3A-20181364361B}.Debug|Any CPU.ActiveCfg = Debug|Any CPU
		{D878F37F-C5E4-4722-AD3A-20181364361B}.Debug|Any CPU.Build.0 = Debug|Any CPU
		{D878F37F-C5E4-4722-AD3A-20181364361B}.Release|Any CPU.ActiveCfg = Release|Any CPU
		{D878F37F-C5E4-4722-AD3A-20181364361B}.Release|Any CPU.Build.0 = Release|Any CPU
		{9653212B-D21E-4C2B-9122-364CE60631B6}.Debug|Any CPU.ActiveCfg = Debug|Any CPU
		{9653212B-D21E-4C2B-9122-364CE60631B6}.Debug|Any CPU.Build.0 = Debug|Any CPU
		{9653212B-D21E-4C2B-9122-364CE60631B6}.Release|Any CPU.ActiveCfg = Release|Any CPU
		{9653212B-D21E-4C2B-9122-364CE60631B6}.Release|Any CPU.Build.0 = Release|Any CPU
	EndGlobalSection
	GlobalSection(SolutionProperties) = preSolution
		HideSolutionNode = FALSE
	EndGlobalSection
	GlobalSection(ExtensibilityGlobals) = postSolution
		SolutionGuid = {149145CD-3543-46FE-9B3D-605C16D4A083}
	EndGlobalSection
EndGlobal
